
Microsoft Visual Studio Solution File, Format Version 12.00
# Visual Studio Version 17
VisualStudioVersion = 17.0.31912.275
MinimumVisualStudioVersion = 10.0.40219.1
Project("{FAE04EC0-301F-11D3-BF4B-00C04F79EFBC}") = "VRCHaptics2", "VRCHaptics2\VRCHaptics2.csproj", "{AFBA9CBD-53F1-476F-8AEB-F0B141F2E61F}"
EndProject
Project("{2150E333-8FDC-42A3-9474-1A3956D46DE8}") = "Solution Items", "Solution Items", "{65053D14-3284-489C-95A9-149919F92F3C}"
	ProjectSection(SolutionItems) = preProject
		VRCHaptics2\obj\Debug\net472\VRCHaptics2.AssemblyInfo.cs = VRCHaptics2\obj\Debug\net472\VRCHaptics2.AssemblyInfo.cs
	EndProjectSection
EndProject
Global
	GlobalSection(SolutionConfigurationPlatforms) = preSolution
		Debug|Any CPU = Debug|Any CPU
		Release|Any CPU = Release|Any CPU
	EndGlobalSection
	GlobalSection(ProjectConfigurationPlatforms) = postSolution
		{AFBA9CBD-53F1-476F-8AEB-F0B141F2E61F}.Debug|Any CPU.ActiveCfg = Debug|Any CPU
		{AFBA9CBD-53F1-476F-8AEB-F0B141F2E61F}.Debug|Any CPU.Build.0 = Debug|Any CPU
		{AFBA9CBD-53F1-476F-8AEB-F0B141F2E61F}.Release|Any CPU.ActiveCfg = Release|Any CPU
		{AFBA9CBD-53F1-476F-8AEB-F0B141F2E61F}.Release|Any CPU.Build.0 = Release|Any CPU
	EndGlobalSection
	GlobalSection(SolutionProperties) = preSolution
		HideSolutionNode = FALSE
	EndGlobalSection
	GlobalSection(ExtensibilityGlobals) = postSolution
		SolutionGuid = {95A430BD-B6E0-4573-9337-7B62EC10F2A1}
	EndGlobalSection
EndGlobal
